<?xml version="1.0" encoding="utf-8"?>
<Project ToolsVersion="4.0" xmlns="http://schemas.microsoft.com/developer/msbuild/2003">
  <ItemGroup>
    <Filter Include="ソース ファイル">
      <UniqueIdentifier>{4FC737F1-C7A5-4376-A066-2A32D752A2FF}</UniqueIdentifier>
      <Extensions>cpp;c;cc;cxx;c++;cppm;ixx;def;odl;idl;hpj;bat;asm;asmx</Extensions>
    </Filter>
    <Filter Include="ヘッダー ファイル">
      <UniqueIdentifier>{93995380-89BD-4b04-88EB-625FBE52EBFB}</UniqueIdentifier>
      <Extensions>h;hh;hpp;hxx;h++;hm;inl;inc;ipp;xsd</Extensions>
    </Filter>
    <Filter Include="リソース ファイル">
      <UniqueIdentifier>{67DA6AB6-F800-4c08-8B7A-83BB121AAD01}</UniqueIdentifier>
      <Extensions>rc;ico;cur;bmp;dlg;rc2;rct;bin;rgs;gif;jpg;jpeg;jpe;resx;tiff;tif;png;wav;mfcribbon-ms</Extensions>
    </Filter>
    <Filter Include="hlsl&amp;hlsli">
      <UniqueIdentifier>{abad5199-e88e-4fe3-a557-8205c244cb20}</UniqueIdentifier>
    </Filter>
    <Filter Include="ViewProjection">
      <UniqueIdentifier>{76c921d4-8c12-41d0-8e55-ee9d33884fac}</UniqueIdentifier>
    </Filter>
    <Filter Include="ソース ファイル\3d">
      <UniqueIdentifier>{8bc2cc79-ef6a-4643-b0de-e80cc5d0fbb8}</UniqueIdentifier>
    </Filter>
    <Filter Include="ソース ファイル\3d\FBX">
      <UniqueIdentifier>{346424c9-aa55-4a74-bc54-9147440f4c49}</UniqueIdentifier>
    </Filter>
    <Filter Include="ソース ファイル\3d\Object">
      <UniqueIdentifier>{b2c2da35-a8bd-40e4-961f-7caeba49deb6}</UniqueIdentifier>
    </Filter>
    <Filter Include="ソース ファイル\2d">
      <UniqueIdentifier>{c5b16936-8bdc-479c-aa8a-b87cde075ed2}</UniqueIdentifier>
    </Filter>
    <Filter Include="ソース ファイル\2d\Sprite">
      <UniqueIdentifier>{120c14d3-3484-42e5-9f8b-281115e6d219}</UniqueIdentifier>
    </Filter>
    <Filter Include="ヘッダー ファイル\3d">
      <UniqueIdentifier>{e585bf12-ba76-4af6-8eed-853b72bd66a6}</UniqueIdentifier>
    </Filter>
    <Filter Include="ヘッダー ファイル\3d\FBX">
      <UniqueIdentifier>{0ede69e9-7ac9-4b56-9fc0-a13ad18c8a4c}</UniqueIdentifier>
    </Filter>
    <Filter Include="ヘッダー ファイル\3d\Object">
      <UniqueIdentifier>{8b5c810b-e97d-4d91-8514-f9f94c5eaafc}</UniqueIdentifier>
    </Filter>
    <Filter Include="ヘッダー ファイル\2d">
      <UniqueIdentifier>{d8097cb7-f7c0-4ef4-a1a1-2336961d0ad4}</UniqueIdentifier>
    </Filter>
    <Filter Include="ヘッダー ファイル\2d\Sprite">
      <UniqueIdentifier>{f9cdbc90-defe-455e-b261-9a1066753d38}</UniqueIdentifier>
    </Filter>
    <Filter Include="ソース ファイル\enginBase">
      <UniqueIdentifier>{e0acad96-308c-4638-82ac-70968d86afd8}</UniqueIdentifier>
    </Filter>
    <Filter Include="ヘッダー ファイル\enginBase">
      <UniqueIdentifier>{03f9f3a3-75c3-49ff-872f-bf0544c8b586}</UniqueIdentifier>
    </Filter>
    <Filter Include="Math">
      <UniqueIdentifier>{56e6b64e-03a3-4f61-b1fa-8f1ab2d8439f}</UniqueIdentifier>
    </Filter>
  </ItemGroup>
  <ItemGroup>
    <ClCompile Include="main.cpp">
      <Filter>ソース ファイル</Filter>
    </ClCompile>
    <ClCompile Include="ViewProjection.cpp">
      <Filter>ViewProjection</Filter>
    </ClCompile>
    <ClCompile Include="GameScene.cpp">
      <Filter>ソース ファイル</Filter>
    </ClCompile>
    <ClCompile Include="FbxLoader.cpp">
      <Filter>ソース ファイル\3d\FBX</Filter>
    </ClCompile>
    <ClCompile Include="FbxObject3D.cpp">
      <Filter>ソース ファイル\3d\FBX</Filter>
    </ClCompile>
    <ClCompile Include="FbxModel.cpp">
      <Filter>ソース ファイル\3d\FBX</Filter>
    </ClCompile>
    <ClCompile Include="Object3D.cpp">
      <Filter>ソース ファイル\3d\Object</Filter>
    </ClCompile>
    <ClCompile Include="Model.cpp">
      <Filter>ソース ファイル\3d\Object</Filter>
    </ClCompile>
    <ClCompile Include="Sprite.cpp">
      <Filter>ソース ファイル\2d\Sprite</Filter>
    </ClCompile>
    <ClCompile Include="SpriteCommon.cpp">
      <Filter>ソース ファイル\2d\Sprite</Filter>
    </ClCompile>
    <ClCompile Include="Particle.cpp">
      <Filter>ソース ファイル\2d\Sprite</Filter>
    </ClCompile>
    <ClCompile Include="Player.cpp">
      <Filter>ソース ファイル</Filter>
    </ClCompile>
    <ClCompile Include="DirectXCommon.cpp">
      <Filter>ソース ファイル\enginBase</Filter>
    </ClCompile>
    <ClCompile Include="Input.cpp">
      <Filter>ソース ファイル\enginBase</Filter>
    </ClCompile>
    <ClCompile Include="WinApp.cpp">
      <Filter>ソース ファイル\enginBase</Filter>
    </ClCompile>
    <ClCompile Include="Floor.cpp">
      <Filter>ソース ファイル</Filter>
    </ClCompile>
    <ClCompile Include="Collision.cpp">
      <Filter>ソース ファイル</Filter>
    </ClCompile>
    <ClCompile Include="BaseCollider.cpp">
      <Filter>ソース ファイル</Filter>
    </ClCompile>
    <ClCompile Include="CollisionInfo.cpp">
      <Filter>ソース ファイル</Filter>
    </ClCompile>
    <ClCompile Include="SphereCollider.cpp">
      <Filter>ソース ファイル</Filter>
    </ClCompile>
    <ClCompile Include="CollisionManager.cpp">
      <Filter>ソース ファイル</Filter>
    </ClCompile>
    <ClCompile Include="Item.cpp">
      <Filter>ソース ファイル</Filter>
    </ClCompile>
    <ClCompile Include="PlaneCollider.cpp">
      <Filter>ソース ファイル</Filter>
    </ClCompile>
    <ClCompile Include="JsonLoader.cpp">
      <Filter>ソース ファイル</Filter>
    </ClCompile>
    <ClCompile Include="BackGround.cpp">
      <Filter>ソース ファイル</Filter>
    </ClCompile>
    <ClCompile Include="Math\Vector3.cpp">
      <Filter>Math</Filter>
    </ClCompile>
    <ClCompile Include="Vector2.cpp">
      <Filter>Math</Filter>
    </ClCompile>
    <ClCompile Include="Math\Vector4.cpp">
      <Filter>Math</Filter>
    </ClCompile>
    <ClCompile Include="Math\Matrix4.cpp">
      <Filter>Math</Filter>
    </ClCompile>
    <ClCompile Include="Math\Affin.cpp">
      <Filter>Math</Filter>
    </ClCompile>
    <ClCompile Include="Math\Convert.cpp">
      <Filter>Math</Filter>
    </ClCompile>
  </ItemGroup>
  <ItemGroup>
    <None Include="Resources\hlsl\Basic.hlsli">
      <Filter>リソース ファイル</Filter>
    </None>
    <None Include="Resources\hlsl\Obj.hlsli">
      <Filter>hlsl&amp;hlsli</Filter>
    </None>
    <None Include="Resources\hlsl\Object3d.hlsli">
      <Filter>hlsl&amp;hlsli</Filter>
    </None>
    <None Include="Resources\hlsl\Sprite.hlsli">
      <Filter>hlsl&amp;hlsli</Filter>
    </None>
    <None Include="Resources\hlsl\Particle.hlsli">
      <Filter>hlsl&amp;hlsli</Filter>
    </None>
    <None Include="Resources\hlsl\Fbx.hlsli">
      <Filter>hlsl&amp;hlsli</Filter>
    </None>
  </ItemGroup>
  <ItemGroup>
    <FxCompile Include="Resources\hlsl\BasicPS.hlsl">
      <Filter>リソース ファイル</Filter>
    </FxCompile>
    <FxCompile Include="Resources\hlsl\BasicVS.hlsl">
      <Filter>リソース ファイル</Filter>
    </FxCompile>
    <FxCompile Include="Resources\hlsl\Object3dPS.hlsl">
      <Filter>hlsl&amp;hlsli</Filter>
    </FxCompile>
    <FxCompile Include="Resources\hlsl\Object3dVS.hlsl">
      <Filter>hlsl&amp;hlsli</Filter>
    </FxCompile>
    <FxCompile Include="Resources\hlsl\ObjPS.hlsl">
      <Filter>hlsl&amp;hlsli</Filter>
    </FxCompile>
    <FxCompile Include="Resources\hlsl\ObjVS.hlsl">
      <Filter>hlsl&amp;hlsli</Filter>
    </FxCompile>
    <FxCompile Include="Resources\hlsl\SpritePS.hlsl">
      <Filter>hlsl&amp;hlsli</Filter>
    </FxCompile>
    <FxCompile Include="Resources\hlsl\SpriteVS.hlsl">
      <Filter>hlsl&amp;hlsli</Filter>
    </FxCompile>
    <FxCompile Include="Resources\hlsl\ParticleGS.hlsl">
      <Filter>hlsl&amp;hlsli</Filter>
    </FxCompile>
    <FxCompile Include="Resources\hlsl\ParticlePS.hlsl">
      <Filter>hlsl&amp;hlsli</Filter>
    </FxCompile>
    <FxCompile Include="Resources\hlsl\ParticleVS.hlsl">
      <Filter>hlsl&amp;hlsli</Filter>
    </FxCompile>
    <FxCompile Include="Resources\hlsl\FbxVS.hlsl">
      <Filter>hlsl&amp;hlsli</Filter>
    </FxCompile>
    <FxCompile Include="Resources\hlsl\FbxPS.hlsl">
      <Filter>hlsl&amp;hlsli</Filter>
    </FxCompile>
  </ItemGroup>
  <ItemGroup>
    <ClInclude Include="ViewProjection.h">
      <Filter>ViewProjection</Filter>
    </ClInclude>
    <ClInclude Include="GameScene.h">
      <Filter>ヘッダー ファイル</Filter>
    </ClInclude>
    <ClInclude Include="FbxLoader.h">
      <Filter>ヘッダー ファイル\3d\FBX</Filter>
    </ClInclude>
    <ClInclude Include="FbxModel.h">
      <Filter>ヘッダー ファイル\3d\FBX</Filter>
    </ClInclude>
    <ClInclude Include="FbxObject3D.h">
      <Filter>ヘッダー ファイル\3d\FBX</Filter>
    </ClInclude>
    <ClInclude Include="Model.h">
      <Filter>ヘッダー ファイル\3d\Object</Filter>
    </ClInclude>
    <ClInclude Include="Object3D.h">
      <Filter>ヘッダー ファイル\3d\Object</Filter>
    </ClInclude>
    <ClInclude Include="Sprite.h">
      <Filter>ヘッダー ファイル\2d\Sprite</Filter>
    </ClInclude>
    <ClInclude Include="SpriteCommon.h">
      <Filter>ヘッダー ファイル\2d\Sprite</Filter>
    </ClInclude>
    <ClInclude Include="Particle.h">
      <Filter>ヘッダー ファイル\2d\Sprite</Filter>
    </ClInclude>
    <ClInclude Include="DirectXCommon.h">
      <Filter>ヘッダー ファイル\enginBase</Filter>
    </ClInclude>
    <ClInclude Include="Input.h">
      <Filter>ヘッダー ファイル\enginBase</Filter>
    </ClInclude>
    <ClInclude Include="resource.h">
      <Filter>ヘッダー ファイル\enginBase</Filter>
    </ClInclude>
    <ClInclude Include="WinApp.h">
      <Filter>ヘッダー ファイル\enginBase</Filter>
    </ClInclude>
    <ClInclude Include="Floor.h">
      <Filter>ヘッダー ファイル</Filter>
    </ClInclude>
    <ClInclude Include="CollisionPrimitive.h">
      <Filter>ヘッダー ファイル</Filter>
    </ClInclude>
    <ClInclude Include="Collision.h">
      <Filter>ヘッダー ファイル</Filter>
    </ClInclude>
    <ClInclude Include="CollisionTypes.h">
      <Filter>ヘッダー ファイル</Filter>
    </ClInclude>
    <ClInclude Include="BaseCollider.h">
      <Filter>ヘッダー ファイル</Filter>
    </ClInclude>
    <ClInclude Include="CollisionInfo.h">
      <Filter>ヘッダー ファイル</Filter>
    </ClInclude>
    <ClInclude Include="SphereCollider.h">
      <Filter>ヘッダー ファイル</Filter>
    </ClInclude>
    <ClInclude Include="CollisionManager.h">
      <Filter>ヘッダー ファイル</Filter>
    </ClInclude>
    <ClInclude Include="Item.h">
      <Filter>ヘッダー ファイル</Filter>
    </ClInclude>
    <ClInclude Include="PlaneCollider.h">
      <Filter>ヘッダー ファイル</Filter>
    </ClInclude>
    <ClInclude Include="JsonLoader.h">
      <Filter>ヘッダー ファイル</Filter>
    </ClInclude>
    <ClInclude Include="BackGround.h">
      <Filter>ヘッダー ファイル</Filter>
    </ClInclude>
    <ClInclude Include="Player.h">
      <Filter>ヘッダー ファイル</Filter>
    </ClInclude>
    <ClInclude Include="Math\Vector3.h">
      <Filter>Math</Filter>
    </ClInclude>
    <ClInclude Include="Vector2.h">
      <Filter>Math</Filter>
    </ClInclude>
    <ClInclude Include="Math\Vector4.h">
      <Filter>Math</Filter>
    </ClInclude>
    <ClInclude Include="Math\Matrix4.h">
      <Filter>Math</Filter>
    </ClInclude>
    <ClInclude Include="Math\Affin.h">
      <Filter>Math</Filter>
    </ClInclude>
    <ClInclude Include="Math\Convert.h">
      <Filter>Math</Filter>
    </ClInclude>
  </ItemGroup>
  <ItemGroup>
    <ResourceCompile Include="CG2.rc">
      <Filter>リソース ファイル</Filter>
    </ResourceCompile>
  </ItemGroup>
</Project>