<?xml version="1.0" encoding="utf-8"?>
<Project ToolsVersion="4.0" xmlns="http://schemas.microsoft.com/developer/msbuild/2003">
  <ItemGroup>
    <Filter Include="ソース ファイル">
      <UniqueIdentifier>{4FC737F1-C7A5-4376-A066-2A32D752A2FF}</UniqueIdentifier>
      <Extensions>cpp;c;cc;cxx;c++;cppm;ixx;def;odl;idl;hpj;bat;asm;asmx</Extensions>
    </Filter>
    <Filter Include="ヘッダー ファイル">
      <UniqueIdentifier>{93995380-89BD-4b04-88EB-625FBE52EBFB}</UniqueIdentifier>
      <Extensions>h;hh;hpp;hxx;h++;hm;inl;inc;ipp;xsd</Extensions>
    </Filter>
    <Filter Include="リソース ファイル">
      <UniqueIdentifier>{67DA6AB6-F800-4c08-8B7A-83BB121AAD01}</UniqueIdentifier>
      <Extensions>rc;ico;cur;bmp;dlg;rc2;rct;bin;rgs;gif;jpg;jpeg;jpe;resx;tiff;tif;png;wav;mfcribbon-ms</Extensions>
    </Filter>
    <Filter Include="hlsl&amp;hlsli">
      <UniqueIdentifier>{abad5199-e88e-4fe3-a557-8205c244cb20}</UniqueIdentifier>
    </Filter>
    <Filter Include="ViewProjection">
      <UniqueIdentifier>{76c921d4-8c12-41d0-8e55-ee9d33884fac}</UniqueIdentifier>
    </Filter>
    <Filter Include="ソース ファイル\GameScene">
      <UniqueIdentifier>{15556cf4-209a-4095-867d-2bc3ed546996}</UniqueIdentifier>
    </Filter>
    <Filter Include="ソース ファイル\FBX">
      <UniqueIdentifier>{9e46f69d-2374-41e1-ab72-e4261f9fa41e}</UniqueIdentifier>
    </Filter>
    <Filter Include="ソース ファイル\Sprite">
      <UniqueIdentifier>{93286075-27b2-4faa-ad19-440e0cef67fb}</UniqueIdentifier>
    </Filter>
    <Filter Include="ヘッダー ファイル\GameScene">
      <UniqueIdentifier>{50dc4f9a-0092-4eaa-940b-f9ef0e137e95}</UniqueIdentifier>
    </Filter>
    <Filter Include="ヘッダー ファイル\FBX">
      <UniqueIdentifier>{c155eeba-6f65-409c-8225-66362ed6eb3c}</UniqueIdentifier>
    </Filter>
    <Filter Include="ヘッダー ファイル\Sprite">
      <UniqueIdentifier>{cf2ef2be-bd94-4438-8569-816faa9dee8f}</UniqueIdentifier>
    </Filter>
  </ItemGroup>
  <ItemGroup>
    <ClCompile Include="main.cpp">
      <Filter>ソース ファイル</Filter>
    </ClCompile>
    <ClCompile Include="Input.cpp">
      <Filter>ソース ファイル</Filter>
    </ClCompile>
    <ClCompile Include="WinApp.cpp">
      <Filter>ソース ファイル</Filter>
    </ClCompile>
    <ClCompile Include="DirectXCommon.cpp">
      <Filter>ソース ファイル</Filter>
    </ClCompile>
    <ClCompile Include="ViewProjection.cpp">
      <Filter>ViewProjection</Filter>
    </ClCompile>
    <ClCompile Include="JsonLoader.cpp">
      <Filter>ソース ファイル</Filter>
    </ClCompile>
    <ClCompile Include="GameScene.cpp">
      <Filter>ソース ファイル\GameScene</Filter>
    </ClCompile>
    <ClCompile Include="FbxLoader.cpp">
      <Filter>ソース ファイル\FBX</Filter>
    </ClCompile>
    <ClCompile Include="FbxModel.cpp">
      <Filter>ソース ファイル\FBX</Filter>
    </ClCompile>
    <ClCompile Include="FbxObject3D.cpp">
      <Filter>ソース ファイル\FBX</Filter>
    </ClCompile>
    <ClCompile Include="Sprite.cpp">
      <Filter>ソース ファイル\Sprite</Filter>
    </ClCompile>
    <ClCompile Include="SpriteCommon.cpp">
      <Filter>ソース ファイル\Sprite</Filter>
    </ClCompile>
    <ClCompile Include="Particle.cpp">
      <Filter>ソース ファイル\Sprite</Filter>
    </ClCompile>
    <ClCompile Include="Object3D.cpp">
      <Filter>ソース ファイル\FBX</Filter>
    </ClCompile>
    <ClCompile Include="Model.cpp">
      <Filter>ソース ファイル\FBX</Filter>
    </ClCompile>
    <ClCompile Include="PostCommon.cpp">
      <Filter>ソース ファイル</Filter>
    </ClCompile>
    <ClCompile Include="PostEffect.cpp">
      <Filter>ソース ファイル</Filter>
    </ClCompile>
  </ItemGroup>
  <ItemGroup>
    <None Include="Resources\hlsl\Basic.hlsli">
      <Filter>リソース ファイル</Filter>
    </None>
    <None Include="Resources\hlsl\Obj.hlsli">
      <Filter>hlsl&amp;hlsli</Filter>
    </None>
    <None Include="Resources\hlsl\Object3d.hlsli">
      <Filter>hlsl&amp;hlsli</Filter>
    </None>
    <None Include="Resources\hlsl\Sprite.hlsli">
      <Filter>hlsl&amp;hlsli</Filter>
    </None>
    <None Include="Resources\hlsl\Particle.hlsli">
      <Filter>hlsl&amp;hlsli</Filter>
    </None>
    <None Include="Resources\hlsl\Fbx.hlsli">
      <Filter>hlsl&amp;hlsli</Filter>
    </None>
  </ItemGroup>
  <ItemGroup>
    <FxCompile Include="Resources\hlsl\BasicPS.hlsl">
      <Filter>リソース ファイル</Filter>
    </FxCompile>
    <FxCompile Include="Resources\hlsl\BasicVS.hlsl">
      <Filter>リソース ファイル</Filter>
    </FxCompile>
    <FxCompile Include="Resources\hlsl\Object3dPS.hlsl">
      <Filter>hlsl&amp;hlsli</Filter>
    </FxCompile>
    <FxCompile Include="Resources\hlsl\Object3dVS.hlsl">
      <Filter>hlsl&amp;hlsli</Filter>
    </FxCompile>
    <FxCompile Include="Resources\hlsl\ObjPS.hlsl">
      <Filter>hlsl&amp;hlsli</Filter>
    </FxCompile>
    <FxCompile Include="Resources\hlsl\ObjVS.hlsl">
      <Filter>hlsl&amp;hlsli</Filter>
    </FxCompile>
    <FxCompile Include="Resources\hlsl\SpritePS.hlsl">
      <Filter>hlsl&amp;hlsli</Filter>
    </FxCompile>
    <FxCompile Include="Resources\hlsl\SpriteVS.hlsl">
      <Filter>hlsl&amp;hlsli</Filter>
    </FxCompile>
    <FxCompile Include="Resources\hlsl\ParticleGS.hlsl">
      <Filter>hlsl&amp;hlsli</Filter>
    </FxCompile>
    <FxCompile Include="Resources\hlsl\ParticlePS.hlsl">
      <Filter>hlsl&amp;hlsli</Filter>
    </FxCompile>
    <FxCompile Include="Resources\hlsl\ParticleVS.hlsl">
      <Filter>hlsl&amp;hlsli</Filter>
    </FxCompile>
    <FxCompile Include="Resources\hlsl\FbxVS.hlsl">
      <Filter>hlsl&amp;hlsli</Filter>
    </FxCompile>
    <FxCompile Include="Resources\hlsl\FbxPS.hlsl">
      <Filter>hlsl&amp;hlsli</Filter>
    </FxCompile>
  </ItemGroup>
  <ItemGroup>
    <ClInclude Include="Input.h">
      <Filter>ヘッダー ファイル</Filter>
    </ClInclude>
    <ClInclude Include="WinApp.h">
      <Filter>ヘッダー ファイル</Filter>
    </ClInclude>
    <ClInclude Include="DirectXCommon.h">
      <Filter>ヘッダー ファイル</Filter>
    </ClInclude>
    <ClInclude Include="resource.h">
      <Filter>ヘッダー ファイル</Filter>
    </ClInclude>
    <ClInclude Include="ViewProjection.h">
      <Filter>ViewProjection</Filter>
    </ClInclude>
    <ClInclude Include="JsonLoader.h">
      <Filter>ヘッダー ファイル</Filter>
    </ClInclude>
    <ClInclude Include="GameScene.h">
      <Filter>ヘッダー ファイル\GameScene</Filter>
    </ClInclude>
    <ClInclude Include="FbxLoader.h">
      <Filter>ヘッダー ファイル\FBX</Filter>
    </ClInclude>
    <ClInclude Include="FbxModel.h">
      <Filter>ヘッダー ファイル\FBX</Filter>
    </ClInclude>
    <ClInclude Include="FbxObject3D.h">
      <Filter>ヘッダー ファイル\FBX</Filter>
    </ClInclude>
    <ClInclude Include="Model.h">
      <Filter>ヘッダー ファイル\FBX</Filter>
    </ClInclude>
    <ClInclude Include="Object3D.h">
      <Filter>ヘッダー ファイル\FBX</Filter>
    </ClInclude>
    <ClInclude Include="Particle.h">
      <Filter>ヘッダー ファイル\Sprite</Filter>
    </ClInclude>
    <ClInclude Include="Sprite.h">
      <Filter>ヘッダー ファイル\Sprite</Filter>
    </ClInclude>
    <ClInclude Include="SpriteCommon.h">
      <Filter>ヘッダー ファイル\Sprite</Filter>
    </ClInclude>
    <ClInclude Include="PostCommon.h">
      <Filter>ヘッダー ファイル</Filter>
    </ClInclude>
    <ClInclude Include="PostEffect.h">
      <Filter>ヘッダー ファイル</Filter>
    </ClInclude>
  </ItemGroup>
  <ItemGroup>
    <ResourceCompile Include="CG2.rc">
      <Filter>リソース ファイル</Filter>
    </ResourceCompile>
  </ItemGroup>
</Project>