<?xml version="1.0" encoding="utf-8"?>
<Project ToolsVersion="4.0" xmlns="http://schemas.microsoft.com/developer/msbuild/2003">
  <ItemGroup>
    <Filter Include="ソース ファイル">
      <UniqueIdentifier>{4FC737F1-C7A5-4376-A066-2A32D752A2FF}</UniqueIdentifier>
      <Extensions>cpp;c;cc;cxx;c++;cppm;ixx;def;odl;idl;hpj;bat;asm;asmx</Extensions>
    </Filter>
    <Filter Include="ヘッダー ファイル">
      <UniqueIdentifier>{93995380-89BD-4b04-88EB-625FBE52EBFB}</UniqueIdentifier>
      <Extensions>h;hh;hpp;hxx;h++;hm;inl;inc;ipp;xsd</Extensions>
    </Filter>
    <Filter Include="リソース ファイル">
      <UniqueIdentifier>{67DA6AB6-F800-4c08-8B7A-83BB121AAD01}</UniqueIdentifier>
      <Extensions>rc;ico;cur;bmp;dlg;rc2;rct;bin;rgs;gif;jpg;jpeg;jpe;resx;tiff;tif;png;wav;mfcribbon-ms</Extensions>
    </Filter>
    <Filter Include="hlsl&amp;hlsli">
      <UniqueIdentifier>{abad5199-e88e-4fe3-a557-8205c244cb20}</UniqueIdentifier>
    </Filter>
    <Filter Include="ソース ファイル\3d">
      <UniqueIdentifier>{8bc2cc79-ef6a-4643-b0de-e80cc5d0fbb8}</UniqueIdentifier>
    </Filter>
    <Filter Include="ソース ファイル\3d\FBX">
      <UniqueIdentifier>{346424c9-aa55-4a74-bc54-9147440f4c49}</UniqueIdentifier>
    </Filter>
    <Filter Include="ソース ファイル\3d\Object">
      <UniqueIdentifier>{b2c2da35-a8bd-40e4-961f-7caeba49deb6}</UniqueIdentifier>
    </Filter>
    <Filter Include="ソース ファイル\2d">
      <UniqueIdentifier>{c5b16936-8bdc-479c-aa8a-b87cde075ed2}</UniqueIdentifier>
    </Filter>
    <Filter Include="ソース ファイル\2d\Sprite">
      <UniqueIdentifier>{120c14d3-3484-42e5-9f8b-281115e6d219}</UniqueIdentifier>
    </Filter>
    <Filter Include="ヘッダー ファイル\3d">
      <UniqueIdentifier>{e585bf12-ba76-4af6-8eed-853b72bd66a6}</UniqueIdentifier>
    </Filter>
    <Filter Include="ヘッダー ファイル\3d\FBX">
      <UniqueIdentifier>{0ede69e9-7ac9-4b56-9fc0-a13ad18c8a4c}</UniqueIdentifier>
    </Filter>
    <Filter Include="ヘッダー ファイル\3d\Object">
      <UniqueIdentifier>{8b5c810b-e97d-4d91-8514-f9f94c5eaafc}</UniqueIdentifier>
    </Filter>
    <Filter Include="ヘッダー ファイル\2d">
      <UniqueIdentifier>{d8097cb7-f7c0-4ef4-a1a1-2336961d0ad4}</UniqueIdentifier>
    </Filter>
    <Filter Include="ヘッダー ファイル\2d\Sprite">
      <UniqueIdentifier>{f9cdbc90-defe-455e-b261-9a1066753d38}</UniqueIdentifier>
    </Filter>
    <Filter Include="ソース ファイル\enginBase">
      <UniqueIdentifier>{e0acad96-308c-4638-82ac-70968d86afd8}</UniqueIdentifier>
    </Filter>
    <Filter Include="ヘッダー ファイル\enginBase">
      <UniqueIdentifier>{03f9f3a3-75c3-49ff-872f-bf0544c8b586}</UniqueIdentifier>
    </Filter>
    <Filter Include="Math">
      <UniqueIdentifier>{56e6b64e-03a3-4f61-b1fa-8f1ab2d8439f}</UniqueIdentifier>
    </Filter>
    <Filter Include="ソース ファイル\enginBase\ViewProjection">
      <UniqueIdentifier>{76c921d4-8c12-41d0-8e55-ee9d33884fac}</UniqueIdentifier>
    </Filter>
  </ItemGroup>
  <ItemGroup>
    <ClCompile Include="source\Game\main.cpp">
      <Filter>ソース ファイル</Filter>
    </ClCompile>
    <ClCompile Include="source\Engin\ViewProjection.cpp">
      <Filter>ソース ファイル\enginBase\ViewProjection</Filter>
    </ClCompile>
    <ClCompile Include="source\Game\GameScene.cpp">
      <Filter>ソース ファイル</Filter>
    </ClCompile>
    <ClCompile Include="source\3D\FbxLoader.cpp">
      <Filter>ソース ファイル\3d\FBX</Filter>
    </ClCompile>
    <ClCompile Include="source\3D\FbxObject3D.cpp">
      <Filter>ソース ファイル\3d\FBX</Filter>
    </ClCompile>
    <ClCompile Include="source\3D\FbxModel.cpp">
      <Filter>ソース ファイル\3d\FBX</Filter>
    </ClCompile>
    <ClCompile Include="source\3D\Object3D.cpp">
      <Filter>ソース ファイル\3d\Object</Filter>
    </ClCompile>
    <ClCompile Include="source\3D\Model.cpp">
      <Filter>ソース ファイル\3d\Object</Filter>
    </ClCompile>
    <ClCompile Include="source\2D\Sprite.cpp">
      <Filter>ソース ファイル\2d\Sprite</Filter>
    </ClCompile>
    <ClCompile Include="source\2D\SpriteCommon.cpp">
      <Filter>ソース ファイル\2d\Sprite</Filter>
    </ClCompile>
    <ClCompile Include="source\2D\Particle.cpp">
      <Filter>ソース ファイル\2d\Sprite</Filter>
    </ClCompile>
    <ClCompile Include="source\Game\Player.cpp">
      <Filter>ソース ファイル</Filter>
    </ClCompile>
    <ClCompile Include="source\Engin\DirectXCommon.cpp">
      <Filter>ソース ファイル\enginBase</Filter>
    </ClCompile>
    <ClCompile Include="source\Engin\Input.cpp">
      <Filter>ソース ファイル\enginBase</Filter>
    </ClCompile>
    <ClCompile Include="source\Engin\WinApp.cpp">
      <Filter>ソース ファイル\enginBase</Filter>
    </ClCompile>
    <ClCompile Include="source\Game\Floor.cpp">
      <Filter>ソース ファイル</Filter>
    </ClCompile>
    <ClCompile Include="source\Game\Item.cpp">
      <Filter>ソース ファイル</Filter>
    </ClCompile>
    <ClCompile Include="source\Game\BackGround.cpp">
      <Filter>ソース ファイル</Filter>
    </ClCompile>
    <ClCompile Include="Math\Vector3.cpp">
      <Filter>Math</Filter>
    </ClCompile>
    <ClCompile Include="Math\Vector4.cpp">
      <Filter>Math</Filter>
    </ClCompile>
    <ClCompile Include="Math\Matrix4.cpp">
      <Filter>Math</Filter>
    </ClCompile>
    <ClCompile Include="Math\Affin.cpp">
      <Filter>Math</Filter>
    </ClCompile>
    <ClCompile Include="Math\Convert.cpp">
      <Filter>Math</Filter>
    </ClCompile>
    <ClCompile Include="Math\Vector2.cpp">
      <Filter>Math</Filter>
    </ClCompile>
    <ClCompile Include="source\Game\Wall.cpp">
      <Filter>ソース ファイル</Filter>
    </ClCompile>
    <ClCompile Include="source\Game\enemy.cpp">
      <Filter>ソース ファイル</Filter>
    </ClCompile>
    <ClCompile Include="source\Collider\Collision.cpp">
      <Filter>ソース ファイル\enginBase</Filter>
    </ClCompile>
    <ClCompile Include="source\Collider\CollisionInfo.cpp">
      <Filter>ソース ファイル\enginBase</Filter>
    </ClCompile>
    <ClCompile Include="source\Collider\CollisionManager.cpp">
      <Filter>ソース ファイル\enginBase</Filter>
    </ClCompile>
    <ClCompile Include="source\3D\JsonLoader.cpp">
      <Filter>ソース ファイル\enginBase</Filter>
    </ClCompile>
    <ClCompile Include="source\Collider\PlaneCollider.cpp">
      <Filter>ソース ファイル\enginBase</Filter>
    </ClCompile>
    <ClCompile Include="source\Collider\SphereCollider.cpp">
      <Filter>ソース ファイル\enginBase</Filter>
    </ClCompile>
    <ClCompile Include="source\Collider\BoxCollider.cpp">
      <Filter>ソース ファイル\enginBase</Filter>
    </ClCompile>
    <ClCompile Include="source\Collider\BaseCollider.cpp">
      <Filter>ソース ファイル\enginBase</Filter>
    </ClCompile>
    <ClCompile Include="easing\Easing.cpp">
      <Filter>ソース ファイル</Filter>
    </ClCompile>
    <ClCompile Include="source\Game\BlackOut.cpp">
      <Filter>ソース ファイル</Filter>
    </ClCompile>
  </ItemGroup>
  <ItemGroup>
    <None Include="Resources\hlsl\Basic.hlsli">
      <Filter>リソース ファイル</Filter>
    </None>
    <None Include="Resources\hlsl\Obj.hlsli">
      <Filter>hlsl&amp;hlsli</Filter>
    </None>
    <None Include="Resources\hlsl\Object3d.hlsli">
      <Filter>hlsl&amp;hlsli</Filter>
    </None>
    <None Include="Resources\hlsl\Sprite.hlsli">
      <Filter>hlsl&amp;hlsli</Filter>
    </None>
    <None Include="Resources\hlsl\Particle.hlsli">
      <Filter>hlsl&amp;hlsli</Filter>
    </None>
    <None Include="Resources\hlsl\Fbx.hlsli">
      <Filter>hlsl&amp;hlsli</Filter>
    </None>
  </ItemGroup>
  <ItemGroup>
    <FxCompile Include="Resources\hlsl\BasicPS.hlsl">
      <Filter>リソース ファイル</Filter>
    </FxCompile>
    <FxCompile Include="Resources\hlsl\BasicVS.hlsl">
      <Filter>リソース ファイル</Filter>
    </FxCompile>
    <FxCompile Include="Resources\hlsl\Object3dPS.hlsl">
      <Filter>hlsl&amp;hlsli</Filter>
    </FxCompile>
    <FxCompile Include="Resources\hlsl\Object3dVS.hlsl">
      <Filter>hlsl&amp;hlsli</Filter>
    </FxCompile>
    <FxCompile Include="Resources\hlsl\ObjPS.hlsl">
      <Filter>hlsl&amp;hlsli</Filter>
    </FxCompile>
    <FxCompile Include="Resources\hlsl\ObjVS.hlsl">
      <Filter>hlsl&amp;hlsli</Filter>
    </FxCompile>
    <FxCompile Include="Resources\hlsl\SpritePS.hlsl">
      <Filter>hlsl&amp;hlsli</Filter>
    </FxCompile>
    <FxCompile Include="Resources\hlsl\SpriteVS.hlsl">
      <Filter>hlsl&amp;hlsli</Filter>
    </FxCompile>
    <FxCompile Include="Resources\hlsl\ParticleGS.hlsl">
      <Filter>hlsl&amp;hlsli</Filter>
    </FxCompile>
    <FxCompile Include="Resources\hlsl\ParticlePS.hlsl">
      <Filter>hlsl&amp;hlsli</Filter>
    </FxCompile>
    <FxCompile Include="Resources\hlsl\ParticleVS.hlsl">
      <Filter>hlsl&amp;hlsli</Filter>
    </FxCompile>
    <FxCompile Include="Resources\hlsl\FbxVS.hlsl">
      <Filter>hlsl&amp;hlsli</Filter>
    </FxCompile>
    <FxCompile Include="Resources\hlsl\FbxPS.hlsl">
      <Filter>hlsl&amp;hlsli</Filter>
    </FxCompile>
  </ItemGroup>
  <ItemGroup>
    <ClInclude Include="header\Engin\ViewProjection.h">
      <Filter>ソース ファイル\enginBase\ViewProjection</Filter>
    </ClInclude>
    <ClInclude Include="header\Game\GameScene.h">
      <Filter>ヘッダー ファイル</Filter>
    </ClInclude>
    <ClInclude Include="header\3D\FbxLoader.h">
      <Filter>ヘッダー ファイル\3d\FBX</Filter>
    </ClInclude>
    <ClInclude Include="header\3D\FbxModel.h">
      <Filter>ヘッダー ファイル\3d\FBX</Filter>
    </ClInclude>
    <ClInclude Include="header\3D\FbxObject3D.h">
      <Filter>ヘッダー ファイル\3d\FBX</Filter>
    </ClInclude>
    <ClInclude Include="header\3D\Model.h">
      <Filter>ヘッダー ファイル\3d\Object</Filter>
    </ClInclude>
    <ClInclude Include="header\3D\Object3D.h">
      <Filter>ヘッダー ファイル\3d\Object</Filter>
    </ClInclude>
    <ClInclude Include="header\2D\Sprite.h">
      <Filter>ヘッダー ファイル\2d\Sprite</Filter>
    </ClInclude>
    <ClInclude Include="header\2D\SpriteCommon.h">
      <Filter>ヘッダー ファイル\2d\Sprite</Filter>
    </ClInclude>
    <ClInclude Include="header\2D\Particle.h">
      <Filter>ヘッダー ファイル\2d\Sprite</Filter>
    </ClInclude>
    <ClInclude Include="header\Engin\DirectXCommon.h">
      <Filter>ヘッダー ファイル\enginBase</Filter>
    </ClInclude>
    <ClInclude Include="header\Engin\Input.h">
      <Filter>ヘッダー ファイル\enginBase</Filter>
    </ClInclude>
    <ClInclude Include="x64\resource.h">
      <Filter>ヘッダー ファイル\enginBase</Filter>
    </ClInclude>
    <ClInclude Include="header\Engin\WinApp.h">
      <Filter>ヘッダー ファイル\enginBase</Filter>
    </ClInclude>
    <ClInclude Include="header\Game\Floor.h">
      <Filter>ヘッダー ファイル</Filter>
    </ClInclude>
    <ClInclude Include="header\Collider\CollisionPrimitive.h">
      <Filter>ヘッダー ファイル</Filter>
    </ClInclude>
    <ClInclude Include="header\Collider\Collision.h">
      <Filter>ヘッダー ファイル</Filter>
    </ClInclude>
    <ClInclude Include="header\Collider\CollisionTypes.h">
      <Filter>ヘッダー ファイル</Filter>
    </ClInclude>
    <ClInclude Include="header\Collider\BaseCollider.h">
      <Filter>ヘッダー ファイル</Filter>
    </ClInclude>
    <ClInclude Include="header\Collider\CollisionInfo.h">
      <Filter>ヘッダー ファイル</Filter>
    </ClInclude>
    <ClInclude Include="header\Collider\SphereCollider.h">
      <Filter>ヘッダー ファイル</Filter>
    </ClInclude>
    <ClInclude Include="header\Collider\CollisionManager.h">
      <Filter>ヘッダー ファイル</Filter>
    </ClInclude>
    <ClInclude Include="header\Game\Item.h">
      <Filter>ヘッダー ファイル</Filter>
    </ClInclude>
    <ClInclude Include="header\Collider\PlaneCollider.h">
      <Filter>ヘッダー ファイル</Filter>
    </ClInclude>
    <ClInclude Include="header\3D\JsonLoader.h">
      <Filter>ヘッダー ファイル</Filter>
    </ClInclude>
    <ClInclude Include="header\Game\BackGround.h">
      <Filter>ヘッダー ファイル</Filter>
    </ClInclude>
    <ClInclude Include="header\Game\Player.h">
      <Filter>ヘッダー ファイル</Filter>
    </ClInclude>
    <ClInclude Include="Math\Vector3.h">
      <Filter>Math</Filter>
    </ClInclude>
    <ClInclude Include="Math\Vector4.h">
      <Filter>Math</Filter>
    </ClInclude>
    <ClInclude Include="Math\Matrix4.h">
      <Filter>Math</Filter>
    </ClInclude>
    <ClInclude Include="Math\Affin.h">
      <Filter>Math</Filter>
    </ClInclude>
    <ClInclude Include="Math\Convert.h">
      <Filter>Math</Filter>
    </ClInclude>
    <ClInclude Include="Math\Vector2.h">
      <Filter>Math</Filter>
    </ClInclude>
    <ClInclude Include="header\Game\Wall.h">
      <Filter>ヘッダー ファイル</Filter>
    </ClInclude>
    <ClInclude Include="header\Collider\BoxCollider.h">
      <Filter>ヘッダー ファイル</Filter>
    </ClInclude>
    <ClInclude Include="header\Game\enemy.h">
      <Filter>ヘッダー ファイル</Filter>
    </ClInclude>
    <ClInclude Include="easing\Easing.h">
      <Filter>ヘッダー ファイル</Filter>
    </ClInclude>
    <ClInclude Include="header\Game\BlackOut.h">
      <Filter>ヘッダー ファイル</Filter>
    </ClInclude>
  </ItemGroup>
  <ItemGroup>
    <ResourceCompile Include="x64\CG2.rc">
      <Filter>リソース ファイル</Filter>
    </ResourceCompile>
  </ItemGroup>
</Project>